<?xml version="1.0" encoding="utf-8"?>
<Project ToolsVersion="4.0" xmlns="http://schemas.microsoft.com/developer/msbuild/2003">
  <ItemGroup>
    <Filter Include="Source Files">
      <UniqueIdentifier>{4FC737F1-C7A5-4376-A066-2A32D752A2FF}</UniqueIdentifier>
      <Extensions>cpp;c;cc;cxx;def;odl;idl;hpj;bat;asm;asmx</Extensions>
    </Filter>
    <Filter Include="Header Files">
      <UniqueIdentifier>{93995380-89BD-4b04-88EB-625FBE52EBFB}</UniqueIdentifier>
      <Extensions>h;hpp;hxx;hm;inl;inc;xsd</Extensions>
    </Filter>
    <Filter Include="Resource Files">
      <UniqueIdentifier>{67DA6AB6-F800-4c08-8B7A-83BB121AAD01}</UniqueIdentifier>
      <Extensions>rc;ico;cur;bmp;dlg;rc2;rct;bin;rgs;gif;jpg;jpeg;jpe;resx;tiff;tif;png;wav;mfcribbon-ms</Extensions>
    </Filter>
    <Filter Include="Header Files\SourceProcessor">
      <UniqueIdentifier>{b6c34bf5-72a3-4e7e-9145-43d697db784f}</UniqueIdentifier>
    </Filter>
    <Filter Include="Source Files\SourceProcessor">
      <UniqueIdentifier>{abcd15d1-7090-416d-9fae-9f390fab8c3d}</UniqueIdentifier>
    </Filter>
    <Filter Include="Header Files\SourceProcessor\astBuilder">
      <UniqueIdentifier>{c1287658-8656-4be1-b309-d929805c47e2}</UniqueIdentifier>
    </Filter>
    <Filter Include="Source Files\SourceProcessor\astBuilder">
      <UniqueIdentifier>{9921dc17-f312-4a5d-b92b-cb332d75be75}</UniqueIdentifier>
    </Filter>
    <Filter Include="Source Files\SourceProcessor\exceptions">
      <UniqueIdentifier>{c73fb767-0011-4650-8663-ba0b152526ab}</UniqueIdentifier>
    </Filter>
    <Filter Include="Header Files\SourceProcessor\exceptions">
      <UniqueIdentifier>{b683d50d-6da1-4773-bfc6-2ae1bd9bf7f1}</UniqueIdentifier>
    </Filter>
    <Filter Include="Source Files\SourceProcessor\designExtractor">
      <UniqueIdentifier>{9ecf1f1f-907a-4e0d-8dcf-310218b4a530}</UniqueIdentifier>
    </Filter>
    <Filter Include="Header Files\SourceProcessor\designExtractor">
      <UniqueIdentifier>{288517c8-b0d5-49f3-a43c-3b803116a7a8}</UniqueIdentifier>
    </Filter>
    <Filter Include="Header Files\ProgramKnowledgeBase">
      <UniqueIdentifier>{15501278-e906-45a9-a12a-b34f34987889}</UniqueIdentifier>
    </Filter>
    <Filter Include="Source Files\ProgramKnowledgeBase">
      <UniqueIdentifier>{1e4226c7-3da1-43f1-8b4a-a49f676dda74}</UniqueIdentifier>
    </Filter>
    <Filter Include="Header Files\QueryProcessingSubsystem">
      <UniqueIdentifier>{2d03cad5-10b6-48c9-a680-821add5aa794}</UniqueIdentifier>
    </Filter>
    <Filter Include="Header Files\QueryProcessingSubsystem\Validator">
      <UniqueIdentifier>{a7cdfda8-4c5d-4547-842e-c083cc13b9b2}</UniqueIdentifier>
    </Filter>
    <Filter Include="Header Files\QueryProcessingSubsystem\Executor">
      <UniqueIdentifier>{5f2baec3-4297-401b-9b77-e74011105bd3}</UniqueIdentifier>
    </Filter>
    <Filter Include="Source Files\QueryProcessingSubsystem">
      <UniqueIdentifier>{b9be5e20-cdf4-4f2f-b5a2-d745bc952128}</UniqueIdentifier>
    </Filter>
    <Filter Include="Source Files\QueryProcessingSubsystem\Validator">
      <UniqueIdentifier>{c0211b4b-2ba0-4b8a-b3d5-a0611710facd}</UniqueIdentifier>
    </Filter>
    <Filter Include="Source Files\QueryProcessingSubsystem\Executor">
      <UniqueIdentifier>{25637db5-130d-4f22-9a2a-fd11882f69ce}</UniqueIdentifier>
    </Filter>
    <Filter Include="Source Files\TNode">
      <UniqueIdentifier>{7712d99f-6e74-4187-a893-388001bb4963}</UniqueIdentifier>
    </Filter>
    <Filter Include="Header Files\TNode">
      <UniqueIdentifier>{b3a0e69d-4596-4984-b5f2-09b897e5498d}</UniqueIdentifier>
    </Filter>
    <Filter Include="Header Files\QueryProcessingSubsystem\Executor\ResultsDatabase">
      <UniqueIdentifier>{51f8a4fa-9b17-4123-be4f-9e29a161e370}</UniqueIdentifier>
    </Filter>
    <Filter Include="Source Files\QueryProcessingSubsystem\Executor\ResultsDatabase">
      <UniqueIdentifier>{9ce0de09-c4ce-4e25-8ea6-1ee702782710}</UniqueIdentifier>
    </Filter>
    <Filter Include="Source Files\SPAManager">
      <UniqueIdentifier>{a44fa8c3-b2bb-4b62-89ab-d092f8bf9cea}</UniqueIdentifier>
    </Filter>
    <Filter Include="Header Files\SPAManager">
      <UniqueIdentifier>{dc18046a-39de-44f0-ad09-731db9152dc3}</UniqueIdentifier>
    </Filter>
    <Filter Include="Source Files\QueryProcessingSubsystem\Executor\Pattern">
      <UniqueIdentifier>{372c0a7e-30ba-4f33-89db-e264842f6530}</UniqueIdentifier>
    </Filter>
    <Filter Include="Header Files\QueryProcessingSubsystem\Executor\SuchThat">
      <UniqueIdentifier>{4047a54b-ca11-452e-8c87-cccb853466bb}</UniqueIdentifier>
    </Filter>
    <Filter Include="Header Files\QueryProcessingSubsystem\Executor\Pattern">
      <UniqueIdentifier>{da0112c8-afa8-4d3e-be34-4c35d6aa78fa}</UniqueIdentifier>
    </Filter>
    <Filter Include="Source Files\QueryProcessingSubsystem\Executor\SuchThat">
      <UniqueIdentifier>{7d7f35fe-fc1d-4b6e-a095-3fd11d02a4af}</UniqueIdentifier>
    </Filter>
    <Filter Include="Header Files\QueryProcessingSubsystem\Executor\ClauseStrategy">
      <UniqueIdentifier>{372e4adb-fda5-4858-a2b0-e12cf2995649}</UniqueIdentifier>
    </Filter>
    <Filter Include="Source Files\QueryProcessingSubsystem\Executor\ClauseStrategy">
      <UniqueIdentifier>{5b348207-ffed-4386-ba62-bd75a3c63420}</UniqueIdentifier>
    </Filter>
    <Filter Include="Header Files\QueryProcessingSubsystem\Executor\With">
      <UniqueIdentifier>{20a50612-bd92-4439-886b-2d08ef43a586}</UniqueIdentifier>
    </Filter>
    <Filter Include="Source Files\QueryProcessingSubsystem\Executor\With">
      <UniqueIdentifier>{2a45977a-7c06-49db-86c5-8adeff140298}</UniqueIdentifier>
    </Filter>
  </ItemGroup>
  <ItemGroup>
    <ClCompile Include="..\source\SourceProcessor\SimpleTokenizer.cpp">
      <Filter>Source Files\SourceProcessor</Filter>
    </ClCompile>
    <ClCompile Include="..\source\SourceProcessor\SimpleToken.cpp">
      <Filter>Source Files\SourceProcessor</Filter>
    </ClCompile>
    <ClCompile Include="..\source\SourceProcessor\SimpleParser.cpp">
      <Filter>Source Files\SourceProcessor</Filter>
    </ClCompile>
    <ClCompile Include="..\source\SourceProcessor\astBuilder\SimpleAstBuilder.cpp">
      <Filter>Source Files\SourceProcessor\astBuilder</Filter>
    </ClCompile>
    <ClCompile Include="..\source\SourceProcessor\exceptions\SimpleInvalidSyntaxException.cpp">
      <Filter>Source Files\SourceProcessor\exceptions</Filter>
    </ClCompile>
    <ClCompile Include="..\source\SourceProcessor\designExtractions\DesignExtractor.cpp">
      <Filter>Source Files\SourceProcessor\designExtractor</Filter>
    </ClCompile>
    <ClCompile Include="..\source\SourceProcessor\designExtractions\EntityExtraction.cpp">
      <Filter>Source Files\SourceProcessor\designExtractor</Filter>
    </ClCompile>
    <ClCompile Include="..\source\ProgramKnowledgeBase\PKBStorage.cpp">
      <Filter>Source Files\ProgramKnowledgeBase</Filter>
    </ClCompile>
    <ClCompile Include="..\source\QueryProcessingSubsystem\Executor\QueryExecutor.cpp">
      <Filter>Source Files\QueryProcessingSubsystem\Executor</Filter>
    </ClCompile>
    <ClCompile Include="..\source\QueryProcessingSubsystem\Executor\ResultsDatabase\ResultsDatabase.cpp">
      <Filter>Source Files\QueryProcessingSubsystem\Executor\ResultsDatabase</Filter>
    </ClCompile>
    <ClCompile Include="..\source\QueryProcessingSubsystem\Executor\ResultsDatabase\ResultsTables.cpp">
      <Filter>Source Files\QueryProcessingSubsystem\Executor\ResultsDatabase</Filter>
    </ClCompile>
    <ClCompile Include="..\source\QueryProcessingSubsystem\Validator\QueryBuilder.cpp">
      <Filter>Source Files\QueryProcessingSubsystem\Validator</Filter>
    </ClCompile>
    <ClCompile Include="..\source\QueryProcessingSubsystem\Validator\QueryLexer.cpp">
      <Filter>Source Files\QueryProcessingSubsystem\Validator</Filter>
    </ClCompile>
    <ClCompile Include="..\source\QueryProcessingSubsystem\Validator\QueryParser.cpp">
      <Filter>Source Files\QueryProcessingSubsystem\Validator</Filter>
    </ClCompile>
    <ClCompile Include="..\source\TNode\TNode.cpp">
      <Filter>Source Files\TNode</Filter>
    </ClCompile>
    <ClCompile Include="..\source\SourceProcessor\astBuilder\ArithmeticParser.cpp">
      <Filter>Source Files\SourceProcessor\astBuilder</Filter>
    </ClCompile>
    <ClCompile Include="..\source\ProgramKnowledgeBase\PKBUtils.cpp">
      <Filter>Source Files\ProgramKnowledgeBase</Filter>
    </ClCompile>
    <ClCompile Include="..\source\SPAManager\SPAManager.cpp">
      <Filter>Source Files\SPAManager</Filter>
    </ClCompile>
    <ClCompile Include="..\source\SourceProcessor\SimpleInterface.cpp">
      <Filter>Source Files\SourceProcessor</Filter>
    </ClCompile>
    <ClCompile Include="..\source\QueryProcessingSubsystem\Executor\Pattern\PatternEvaluator.cpp">
      <Filter>Source Files\QueryProcessingSubsystem\Executor\Pattern</Filter>
    </ClCompile>
    <ClCompile Include="..\source\QueryProcessingSubsystem\Executor\SuchThat\RelationEvaluator.cpp">
      <Filter>Source Files\QueryProcessingSubsystem\Executor\SuchThat</Filter>
    </ClCompile>
    <ClCompile Include="..\source\ProgramKnowledgeBase\PatternADT.cpp">
      <Filter>Source Files\ProgramKnowledgeBase</Filter>
    </ClCompile>
    <ClCompile Include="..\source\QueryProcessingSubsystem\Executor\ClauseStrategy\ClauseStrategyContext.cpp">
      <Filter>Source Files\QueryProcessingSubsystem\Executor\ClauseStrategy</Filter>
    </ClCompile>
    <ClCompile Include="..\source\QueryProcessingSubsystem\Executor\With\WithEvaluator.h">
      <Filter>Header Files\QueryProcessingSubsystem\Executor\With</Filter>
    </ClCompile>
    <ClCompile Include="..\source\ProgramKnowledgeBase\EntityADT.cpp">
      <Filter>Source Files\ProgramKnowledgeBase</Filter>
    </ClCompile>
    <ClCompile Include="..\source\QueryProcessingSubsystem\Executor\SuchThat\NextTRelationEvaluator.cpp">
      <Filter>Source Files\QueryProcessingSubsystem\Executor\SuchThat</Filter>
    </ClCompile>
  </ItemGroup>
  <ItemGroup>
    <ClInclude Include="..\source\SourceProcessor\Parser.h">
      <Filter>Header Files\SourceProcessor</Filter>
    </ClInclude>
    <ClInclude Include="..\source\SourceProcessor\SimpleToken.h">
      <Filter>Header Files\SourceProcessor</Filter>
    </ClInclude>
    <ClInclude Include="..\source\SourceProcessor\SimpleTokenizer.h">
      <Filter>Header Files\SourceProcessor</Filter>
    </ClInclude>
    <ClInclude Include="..\source\SourceProcessor\astBuilder\SimpleAstBuilder.h">
      <Filter>Header Files\SourceProcessor\astBuilder</Filter>
    </ClInclude>
    <ClInclude Include="..\source\SourceProcessor\exceptions\SimpleInvalidSyntaxException.h">
      <Filter>Header Files\SourceProcessor\exceptions</Filter>
    </ClInclude>
    <ClInclude Include="..\source\SourceProcessor\designExtractions\DesignExtractor.h">
      <Filter>Header Files\SourceProcessor\designExtractor</Filter>
    </ClInclude>
    <ClInclude Include="..\source\SourceProcessor\designExtractions\EntityExtraction.h">
      <Filter>Header Files\SourceProcessor\designExtractor</Filter>
    </ClInclude>
    <ClInclude Include="..\source\ProgramKnowledgeBase\PKBStorage.h">
      <Filter>Header Files\ProgramKnowledgeBase</Filter>
    </ClInclude>
    <ClInclude Include="..\source\QueryProcessingSubsystem\Validator\SyntaxException.h">
      <Filter>Header Files\QueryProcessingSubsystem\Validator</Filter>
    </ClInclude>
    <ClInclude Include="..\source\QueryProcessingSubsystem\Validator\QueryLexer.h">
      <Filter>Header Files\QueryProcessingSubsystem\Validator</Filter>
    </ClInclude>
    <ClInclude Include="..\source\QueryProcessingSubsystem\Validator\QueryParser.h">
      <Filter>Header Files\QueryProcessingSubsystem\Validator</Filter>
    </ClInclude>
    <ClInclude Include="..\source\QueryProcessingSubsystem\Query.h">
      <Filter>Header Files\QueryProcessingSubsystem</Filter>
    </ClInclude>
    <ClInclude Include="..\source\QueryProcessingSubsystem\Relation.h">
      <Filter>Header Files\QueryProcessingSubsystem</Filter>
    </ClInclude>
    <ClInclude Include="..\source\QueryProcessingSubsystem\Executor\QueryExecutor.h">
      <Filter>Header Files\QueryProcessingSubsystem\Executor</Filter>
    </ClInclude>
    <ClInclude Include="..\source\QueryProcessingSubsystem\Executor\ResultsDatabase\ResultsDatabase.h">
      <Filter>Header Files\QueryProcessingSubsystem\Executor\ResultsDatabase</Filter>
    </ClInclude>
    <ClInclude Include="..\source\QueryProcessingSubsystem\Validator\QueryBuilder.h">
      <Filter>Header Files\QueryProcessingSubsystem\Validator</Filter>
    </ClInclude>
    <ClInclude Include="..\source\TNode\TNode.h">
      <Filter>Header Files\TNode</Filter>
    </ClInclude>
    <ClInclude Include="..\source\SourceProcessor\astBuilder\ArithmeticParser.h">
      <Filter>Header Files\SourceProcessor\astBuilder</Filter>
    </ClInclude>
    <ClInclude Include="..\source\QueryProcessingSubsystem\Declaration.h">
      <Filter>Header Files\QueryProcessingSubsystem</Filter>
    </ClInclude>
    <ClInclude Include="..\source\QueryProcessingSubsystem\Pattern.h">
      <Filter>Header Files\QueryProcessingSubsystem</Filter>
    </ClInclude>
    <ClInclude Include="..\source\QueryProcessingSubsystem\Executor\ResultsDatabase\ResultsTables.h">
      <Filter>Header Files\QueryProcessingSubsystem\Executor\ResultsDatabase</Filter>
    </ClInclude>
    <ClInclude Include="..\source\QueryProcessingSubsystem\Validator\SemanticException.h">
      <Filter>Header Files\QueryProcessingSubsystem\Validator</Filter>
    </ClInclude>
    <ClInclude Include="..\source\ProgramKnowledgeBase\PKBUtils.h">
      <Filter>Header Files\ProgramKnowledgeBase</Filter>
    </ClInclude>
    <ClInclude Include="..\source\SPAManager\SPAManager.h">
      <Filter>Header Files\SPAManager</Filter>
    </ClInclude>
    <ClInclude Include="..\source\SourceProcessor\SimpleInterface.h">
      <Filter>Header Files\SourceProcessor</Filter>
    </ClInclude>
    <ClInclude Include="..\source\QueryProcessingSubsystem\Executor\SuchThat\RelationEvaluator.h">
      <Filter>Header Files\QueryProcessingSubsystem\Executor\SuchThat</Filter>
    </ClInclude>
    <ClInclude Include="..\source\QueryProcessingSubsystem\Executor\Pattern\PatternEvaluator.h">
      <Filter>Header Files\QueryProcessingSubsystem\Executor\Pattern</Filter>
    </ClInclude>
    <ClInclude Include="..\source\QueryProcessingSubsystem\Expression.h">
      <Filter>Header Files\QueryProcessingSubsystem</Filter>
    </ClInclude>
    <ClInclude Include="..\source\QueryProcessingSubsystem\Reference.h">
      <Filter>Header Files\QueryProcessingSubsystem</Filter>
    </ClInclude>
    <ClInclude Include="..\source\ProgramKnowledgeBase\RelationADT.h">
      <Filter>Header Files\ProgramKnowledgeBase</Filter>
    </ClInclude>
    <ClInclude Include="..\source\ProgramKnowledgeBase\RelationsSetBiMap.h">
      <Filter>Header Files\ProgramKnowledgeBase</Filter>
      <Filter>Header Files\QueryProcessingSubsystem</Filter>
    </ClInclude>
    <ClInclude Include="..\source\QueryProcessingSubsystem\AttrReference.h">
      <Filter>Header Files\QueryProcessingSubsystem</Filter>
    </ClInclude>
    <ClInclude Include="..\source\ProgramKnowledgeBase\RelationsSetBiMap.h">
      <Filter>Header Files\ProgramKnowledgeBase</Filter>
    </ClInclude>
    <ClInclude Include="..\source\QueryProcessingSubsystem\With.h">
      <Filter>Header Files</Filter>
    </ClInclude>
    <ClInclude Include="..\source\ProgramKnowledgeBase\PatternADT.h">
      <Filter>Header Files\ProgramKnowledgeBase</Filter>
    </ClInclude>
    <ClInclude Include="..\source\QueryProcessingSubsystem\Executor\ClauseStrategy\ClauseStrategyContext.h">
      <Filter>Header Files\QueryProcessingSubsystem\Executor\ClauseStrategy</Filter>
    </ClInclude>
    <ClInclude Include="..\source\QueryProcessingSubsystem\Executor\ClauseStrategy\PatternStrategy.h">
      <Filter>Header Files\QueryProcessingSubsystem\Executor\ClauseStrategy</Filter>
    </ClInclude>
    <ClInclude Include="..\source\QueryProcessingSubsystem\Executor\ClauseStrategy\RelationStrategy.h">
      <Filter>Header Files\QueryProcessingSubsystem\Executor\ClauseStrategy</Filter>
    </ClInclude>
    <ClInclude Include="..\source\QueryProcessingSubsystem\Clause.h">
      <Filter>Header Files\QueryProcessingSubsystem</Filter>
    </ClInclude>
    <ClInclude Include="..\source\QueryProcessingSubsystem\Executor\ClauseStrategy\Strategy.h">
      <Filter>Header Files\QueryProcessingSubsystem\Executor\ClauseStrategy</Filter>
    </ClInclude>
    <ClInclude Include="..\source\QueryProcessingSubsystem\Result.h">
      <Filter>Header Files\QueryProcessingSubsystem</Filter>
    </ClInclude>
    <ClInclude Include="..\source\QueryProcessingSubsystem\Executor\With\WithEvaluator.cpp">
      <Filter>Source Files\QueryProcessingSubsystem\Executor\With</Filter>
    </ClInclude>
    <ClInclude Include="..\source\ProgramKnowledgeBase\EntityADT.h">
      <Filter>Header Files\ProgramKnowledgeBase</Filter>
    </ClInclude>
    <ClInclude Include="..\source\QueryProcessingSubsystem\Executor\SuchThat\AffectsRelationEvaluator.h">
      <Filter>Header Files\QueryProcessingSubsystem\Executor\SuchThat</Filter>
    </ClInclude>
    <ClInclude Include="..\source\QueryProcessingSubsystem\Executor\SuchThat\AffectsTRelationEvaluator.h">
      <Filter>Header Files\QueryProcessingSubsystem\Executor\SuchThat</Filter>
    </ClInclude>
    <ClInclude Include="..\source\QueryProcessingSubsystem\Executor\SuchThat\NextTRelationEvaluator.h">
      <Filter>Header Files\QueryProcessingSubsystem\Executor\SuchThat</Filter>
    </ClInclude>
    <ClInclude Include="..\source\ProgramKnowledgeBase\RelationCacheADT.h">
      <Filter>Header Files\ProgramKnowledgeBase</Filter>
    </ClInclude>
  </ItemGroup>
</Project>