<?xml version="1.0" encoding="utf-8"?>
<Project ToolsVersion="4.0" xmlns="http://schemas.microsoft.com/developer/msbuild/2003">
  <ItemGroup>
    <Filter Include="Source Files">
      <UniqueIdentifier>{4FC737F1-C7A5-4376-A066-2A32D752A2FF}</UniqueIdentifier>
      <Extensions>cpp;c;cc;cxx;def;odl;idl;hpj;bat;asm;asmx</Extensions>
    </Filter>
    <Filter Include="Header Files">
      <UniqueIdentifier>{93995380-89BD-4b04-88EB-625FBE52EBFB}</UniqueIdentifier>
      <Extensions>h;hh;hpp;hxx;hm;inl;inc;xsd</Extensions>
    </Filter>
    <Filter Include="Resource Files">
      <UniqueIdentifier>{67DA6AB6-F800-4c08-8B7A-83BB121AAD01}</UniqueIdentifier>
      <Extensions>rc;ico;cur;bmp;dlg;rc2;rct;bin;rgs;gif;jpg;jpeg;jpe;resx;tiff;tif;png;wav;mfcribbon-ms</Extensions>
    </Filter>
    <Filter Include="Source Files\QueryProcessingSubsystem">
      <UniqueIdentifier>{ed7cbd21-5975-4083-b328-e59dabf60805}</UniqueIdentifier>
    </Filter>
    <Filter Include="Source Files\QueryProcessingSubsystem\Executor">
      <UniqueIdentifier>{d6b4f69e-8d6e-4842-8ffa-8ef6a94a9a1e}</UniqueIdentifier>
    </Filter>
    <Filter Include="Source Files\QueryProcessingSubsystem\Validator">
      <UniqueIdentifier>{c92b6562-e3d5-44b5-8800-73791bdc23a2}</UniqueIdentifier>
    </Filter>
    <Filter Include="Source Files\ProgramKnowledgeBase">
      <UniqueIdentifier>{26026140-3cf7-4154-9bb4-cde9252521ce}</UniqueIdentifier>
    </Filter>
    <Filter Include="Source Files\QueryProcessingSubsystem\Executor\ResultsDatabase">
      <UniqueIdentifier>{913b837f-ca6d-4701-bdbd-2ea2ffe91ff4}</UniqueIdentifier>
    </Filter>
  </ItemGroup>
  <ItemGroup>
    <ClInclude Include="stdafx.h">
      <Filter>Header Files</Filter>
    </ClInclude>
    <ClInclude Include="targetver.h">
      <Filter>Header Files</Filter>
    </ClInclude>
  </ItemGroup>
  <ItemGroup>
    <ClCompile Include="stdafx.cpp">
      <Filter>Source Files</Filter>
    </ClCompile>
    <ClCompile Include="SourceProcessorTests\TestAST.cpp">
      <Filter>Source Files</Filter>
    </ClCompile>
    <ClCompile Include="SourceProcessorTests\TestTokenizer.cpp">
      <Filter>Source Files</Filter>
    </ClCompile>
    <ClCompile Include="QueryProcessingSubsystem\Validator\TestQueryLexer.cpp">
      <Filter>Source Files\QueryProcessingSubsystem\Validator</Filter>
    </ClCompile>
    <ClCompile Include="QueryProcessingSubsystem\Validator\TestQueryParser.cpp">
      <Filter>Source Files\QueryProcessingSubsystem\Validator</Filter>
    </ClCompile>
    <ClCompile Include="ProgramKnowledgeBaseTests\TestPkb.cpp">
      <Filter>Source Files\ProgramKnowledgeBase</Filter>
    </ClCompile>
    <ClCompile Include="QueryProcessingSubsystem\Executor\ResultsDatabase\TestResultsTables.cpp">
      <Filter>Source Files\QueryProcessingSubsystem\Executor\ResultsDatabase</Filter>
    </ClCompile>
    <ClCompile Include="QueryProcessingSubsystem\Executor\TestExecute.cpp">
      <Filter>Source Files\QueryProcessingSubsystem\Executor</Filter>
    </ClCompile>
    <ClCompile Include="TestReference.cpp">
      <Filter>Source Files\QueryProcessingSubsystem</Filter>
    </ClCompile>
    <ClCompile Include="TestExpression.cpp">
      <Filter>Source Files\QueryProcessingSubsystem</Filter>
    </ClCompile>
  </ItemGroup>
</Project>